version = 1
revision = 3
requires-python = ">=3.14"

[[package]]
name = "citibike-extractor"
version = "0.1.0"
source = { editable = "." }
dependencies = [
    { name = "duckdb" },
    { name = "fsspec" },
    { name = "tqdm" },
]

[package.dev-dependencies]
dev = [
    { name = "ruff" },
    { name = "ty" },
]

[package.metadata]
requires-dist = [
    { name = "duckdb", specifier = ">=1.5.5" },
    { name = "fsspec", specifier = ">=2026.6.0" },
    { name = "tqdm", specifier = ">=4.70.0" },
]

[package.metadata.requires-dev]
dev = [
    { name = "ruff", specifier = ">=0.16.0" },
    { name = "ty", specifier = ">=0.0.65" },
]

[[package]]
name = "colorama"
version = "0.4.6"
source = { registry = "https://pypi.org/simple" }
sdist = { url = "https://files.pythonhosted.org/packages/d8/53/6f443c9a4a8358a93a6792e2acffb9d9d5cb0a5cfd8802644b7b1c9a02e4/colorama-0.4.6.tar.gz", hash = "sha256:08695f5cb7ed6e0531a20572697297273c47b8cae5a63ffc6d6ed5c201be6e44", size = 27697, upload-time = "2022-10-25T02:36:22.414Z" }
wheels = [
    { url = "https://files.pythonhosted.org/packages/d1/d6/3965ed04c63042e047cb6a3e6ed1a63a35087b6a609aa3a15ed8ac56c221/colorama-0.4.6-py2.py3-none-any.whl", hash = "sha256:4f1d9991f5acc0ca119f9d443620b77f9d6b33703e51011c16baf57afb285fc6", size = 25335, upload-time = "2022-10-25T02:36:20.889Z" },
]

[[package]]
name = "duckdb"
version = "1.5.5"
source = { registry = "https://pypi.org/simple" }
sdist = { url = "https://files.pythonhosted.org/packages/7d/19/e57151753576373c6696a12022648546cca6038e8833fda2908ee2342d9b/duckdb-1.5.5.tar.gz", hash = "sha256:72f33ee57ca7595b23957671a2cc7f7fe2be0ecc2d68f63abedcfcaa3a5c1238", size = 18066741, upload-time = "2026-07-22T10:55:17.819Z" }
wheels = [
    { url = "https://files.pythonhosted.org/packages/3e/56/12c65bfa2d2605b81981b264788891bcf11ec72227889554cead5d8d13b9/duckdb-1.5.5-cp314-cp314-macosx_10_15_universal2.whl", hash = "sha256:8e6413dd40facb7b8ab21bd844450cd8f549b29e138635be9cf090ef4d2049e2", size = 32761946, upload-time = "2026-07-22T10:54:53.412Z" },
    { url = "https://files.pythonhosted.org/packages/b9/46/682ce155f17e0d2822d4f13ee3db9ca4b5b7c2da61b841b2629035e1f4bc/duckdb-1.5.5-cp314-cp314-macosx_10_15_x86_64.whl", hash = "sha256:64078acfd16541132ac6e191eb81b2845554444a0305cc1aa581ba107e514aa8", size = 17375069, upload-time = "2026-07-22T10:54:57.269Z" },
    { url = "https://files.pythonhosted.org/packages/39/ce/a24bcbd3289c8f305a430759c5fc12242740b4af3e17f7593f3a34e333d2/duckdb-1.5.5-cp314-cp314-macosx_11_0_arm64.whl", hash = "sha256:8c11775cc99a447618d5f1840126db17f2652f3eae05529df4f81f40e2df7151", size = 15519791, upload-time = "2026-07-22T10:55:00.681Z" },
    { url = "https://files.pythonhosted.org/packages/d9/76/3a01afbc615c1d418c0de58a6b68ac5ce2a8563232c0464bfbc2ce552398/duckdb-1.5.5-cp314-cp314-manylinux_2_26_aarch64.manylinux_2_28_aarch64.whl", hash = "sha256:77bbc1e6ba12e1e06f9020117bdf848627ecfdf36f907550e62e008e6109dece", size = 19398251, upload-time = "2026-07-22T10:55:04.168Z" },
    { url = "https://files.pythonhosted.org/packages/a1/43/3a5e81d1728f4d234c79bfe385808ee7c04834f7c37a4b5c257459c25614/duckdb-1.5.5-cp314-cp314-manylinux_2_26_x86_64.manylinux_2_28_x86_64.whl", hash = "sha256:fbf0f2d48b43c6c304d00463b463c27ead6c4b01c3c1816b750f728decf71afe", size = 21513851, upload-time = "2026-07-22T10:55:07.864Z" },
    { url = "https://files.pythonhosted.org/packages/91/41/fc7c829172c60ca22485251eab285f4f1a0d87b486a024c726f21471d86e/duckdb-1.5.5-cp314-cp314-win_amd64.whl", hash = "sha256:9dc826c4b50e64f6c4e4d07a3a9cb075ef70ba3899dc43ec5493dc3d7b04b353", size = 13691858, upload-time = "2026-07-22T10:55:11.181Z" },
    { url = "https://files.pythonhosted.org/packages/e1/2c/95d9216b79e9273689d7ebce125a54503ed0c9bd7da931f0265888e99779/duckdb-1.5.5-cp314-cp314-win_arm64.whl", hash = "sha256:63e48d4b74b15aeacd688976432a7225163df8c226eddeb8536bba2d4d4ff433", size = 14470180, upload-time = "2026-07-22T10:55:14.445Z" },
]

[[package]]
name = "fsspec"
version = "2026.6.0"
source = { registry = "https://pypi.org/simple" }
sdist = { url = "https://files.pythonhosted.org/packages/10/a1/ae4e3e5003468d6391d2c77b6fa1cd73bd5d13511d81c642d7b28ac90ed4/fsspec-2026.6.0.tar.gz", hash = "sha256:f5bac145310fe30e16e1471bd6840b2d990d609e872251d7e674241822abf01a", size = 313646, upload-time = "2026-06-16T01:57:28.105Z" }
wheels = [
    { url = "https://files.pythonhosted.org/packages/e5/22/4222d7ddf3da30f363edaa98e329c2bce6c65497c9cb2810931c8b2c0fbc/fsspec-2026.6.0-py3-none-any.whl", hash = "sha256:02e0b71817df9b2169dc30a16832045764def1191b43dcff5bb85bdee212d2a1", size = 203949, upload-time = "2026-06-16T01:57:26.358Z" },
]

[[package]]
name = "ruff"
version = "0.16.4"
source = { registry = "https://pypi.org/simple" }
sdist = { url = "https://files.pythonhosted.org/packages/00/8f/d8074b1f25e003164087a8bfe79a0f1a3945135764dbb6aaab04103dcaf9/ruff-0.16.4.tar.gz", hash = "sha256:13171aa9d9af2240ee3504e639de73122c67e74036de5ba2e1d01422cd17e3dc", size = 4899731, upload-time = "2026-08-20T17:43:59.196Z" }
wheels = [
    { url = "https://files.pythonhosted.org/packages/ff/80/779895ef584e089d22f2c6df0d0e99a65ec2df0805f1fffd439415b8c1f0/ruff-0.16.4-py3-none-linux_armv6l.whl", hash = "sha256:df4075f71ddac40b9934af60c3ec8a53047dd5a5fdc43224e6e4e8e9a27cb6f7", size = 10006909, upload-time = "2026-08-20T17:43:16.888Z" },
    { url = "https://files.pythonhosted.org/packages/a9/e6/f553199b5e8927a05cb5c422d921fd0656b29ab976e91c44802107c6b0da/ruff-0.16.4-py3-none-macosx_10_12_x86_64.whl", hash = "sha256:0c95538517af68004306b0fb3214ff2f2af67a65092aee77cd9eb86db6656604", size = 10240201, upload-time = "2026-08-20T17:43:19.337Z" },
    { url = "https://files.pythonhosted.org/packages/1c/70/4a6dc4bb34da4dee35e30f09bbd1bfbdd26f33b62fb9b8df31f08a199cd2/ruff-0.16.4-py3-none-macosx_11_0_arm64.whl", hash = "sha256:963f83df8e69e575b64d67dd447ebbc917db41a14bf38d4593a4183e7aaa8255", size = 9835122, upload-time = "2026-08-20T17:43:21.708Z" },
    { url = "https://files.pythonhosted.org/packages/24/12/c6e22d686372c15bcb7af99831f1a1be96df696491babf4f24e4f942c527/ruff-0.16.4-py3-none-manylinux_2_17_aarch64.manylinux2014_aarch64.whl", hash = "sha256:32a5057c7ff3f6e6480a48fccfb3a412a690f48a3d03ac5cf08177d6c2da3ade", size = 9977162, upload-time = "2026-08-20T17:43:24.236Z" },
    { url = "https://files.pythonhosted.org/packages/46/49/72b10ec912f5ab5854992eaf7aa7cd36729b6937d9dc4e0fb41b3bf428ec/ruff-0.16.4-py3-none-manylinux_2_17_armv7l.manylinux2014_armv7l.whl", hash = "sha256:b3dce8d9b0c57c265b91885a66a567d8ea1372e8eb4e250fa8e5e3f579e99cff", size = 9829789, upload-time = "2026-08-20T17:43:26.966Z" },
    { url = "https://files.pythonhosted.org/packages/fa/80/0f30e32e7f6ee26edc39075502db9d368d788a44a79b55f763eb4ab03796/ruff-0.16.4-py3-none-manylinux_2_17_i686.manylinux2014_i686.whl", hash = "sha256:7dc651db49283c69f8e72c834eec4fe5573e4c646856aebece0ce385dceb2a80", size = 10527949, upload-time = "2026-08-20T17:43:29.384Z" },
    { url = "https://files.pythonhosted.org/packages/52/3d/86e8ad3542169e56cac3859a343afdb9df2ad54d35a59ce1e67baee83421/ruff-0.16.4-py3-none-manylinux_2_17_ppc64le.manylinux2014_ppc64le.whl", hash = "sha256:3817b87dbcabc92f13b05019257c5b89b5b4d51b5fb20f56fb5235ceb723cd07", size = 11333695, upload-time = "2026-08-20T17:43:31.872Z" },
    { url = "https://files.pythonhosted.org/packages/d0/16/481c29b380c20a0054a8261066665e1b3488e23636c49d0a43e75975b9bb/ruff-0.16.4-py3-none-manylinux_2_17_s390x.manylinux2014_s390x.whl", hash = "sha256:e9fce1499134b2c8c68e5166f95705a5812062bb93aacc5f9873bb1a27084bc7", size = 10727741, upload-time = "2026-08-20T17:43:34.596Z" },
    { url = "https://files.pythonhosted.org/packages/5e/b6/56bc0b8cf45b54b28b3a5e6381c8945d51b5b18adf659454c32295209a31/ruff-0.16.4-py3-none-manylinux_2_17_x86_64.manylinux2014_x86_64.whl", hash = "sha256:f2d812e482f5a7e02eee26cd73d2a37ebbdf47d795ea63ba1b89110ae93e9fb3", size = 10286522, upload-time = "2026-08-20T17:43:37.288Z" },
    { url = "https://files.pythonhosted.org/packages/e8/8b/b345b4fb110f2fbe2bd31eabd271e5e8b3b7e4ee6c0e02f2dc6be78db000/ruff-0.16.4-py3-none-manylinux_2_31_riscv64.whl", hash = "sha256:6baaf984aa7976edf93d3b627fe2d1d22ee94bbca05fa6f90fc76d73924e3454", size = 10584182, upload-time = "2026-08-20T17:43:39.984Z" },
    { url = "https://files.pythonhosted.org/packages/29/e5/827b34041c35f58774a9681a4213994c164fc987800f4dddabcf451da0bf/ruff-0.16.4-py3-none-musllinux_1_2_aarch64.whl", hash = "sha256:bdfcf0b28662eb890372d50f92c283bb94e67e7635ed93c7fd533970acff7b2b", size = 10134195, upload-time = "2026-08-20T17:43:42.351Z" },
    { url = "https://files.pythonhosted.org/packages/0f/10/d0bffcdd6729b87afc82ba0ef377173356a7dc8e972f5179968cf2fdf98c/ruff-0.16.4-py3-none-musllinux_1_2_armv7l.whl", hash = "sha256:b66b02cb9b04f537643cadf5768e5f98dc461890d530cb67113d71c8c76e605d", size = 9825821, upload-time = "2026-08-20T17:43:44.532Z" },
    { url = "https://files.pythonhosted.org/packages/f5/32/0db2a863b796ca62d83e92a07a3ccf00921b14db02059347576a2fda3d4b/ruff-0.16.4-py3-none-musllinux_1_2_i686.whl", hash = "sha256:8528bf9a4b291a60bf02ea453511e8ce6215bd2b982ee80405b66b008b6c30a0", size = 10267658, upload-time = "2026-08-20T17:43:46.989Z" },
    { url = "https://files.pythonhosted.org/packages/b2/a0/fbdeb59e48c6261f523e56c8f12e9c08fbe693786595cc7e3959207a9232/ruff-0.16.4-py3-none-musllinux_1_2_x86_64.whl", hash = "sha256:fbd85d2875fdd67e833213a651f613bbf25303abf6aa822a5121f4531195678d", size = 10697071, upload-time = "2026-08-20T17:43:49.891Z" },
    { url = "https://files.pythonhosted.org/packages/aa/28/0c6dd865859c6d17bc8ccc34cb72b0e02d6c7eb25e8a1e22b5bea681e2c0/ruff-0.16.4-py3-none-win32.whl", hash = "sha256:312769988007aaeb8e189b443ccdd03c0e6374489e053467be6d96518ebff76e", size = 10021687, upload-time = "2026-08-20T17:43:52.281Z" },
    { url = "https://files.pythonhosted.org/packages/a3/03/e724450f621698117f9aa6dd241c94d0274ae96781378dc86745ae29f0e7/ruff-0.16.4-py3-none-win_amd64.whl", hash = "sha256:05d9d27a18c4bcbefada602480ec9e01e0bc949d432e0ced5df77edac195919c", size = 10567657, upload-time = "2026-08-20T17:43:54.78Z" },
    { url = "https://files.pythonhosted.org/packages/0e/fe/da8b9e1347696bb22120b77280ec5ce25d500ca5cb39d5ad6e5c18de19c1/ruff-0.16.4-py3-none-win_arm64.whl", hash = "sha256:a3a61621c9b6f6a89573e938a080e648f1695baa3f58570a3a707bc51ff65a21", size = 10451579, upload-time = "2026-08-20T17:43:57.135Z" },
]

[[package]]
name = "tqdm"
version = "4.70.0"
source = { registry = "https://pypi.org/simple" }
dependencies = [
    { name = "colorama", marker = "sys_platform == 'win32'" },
]
sdist = { url = "https://files.pythonhosted.org/packages/21/3b/6c24bec5be5e743ffd99576daa5cc077722fc7d5bbc00bd133fa0c698dc6/tqdm-4.70.0.tar.gz", hash = "sha256:55b0b0dbd97462d06ebee91e4dac24ed4d4702be82b24f07e6c1d27e08cea220", size = 795438, upload-time = "2026-07-27T11:33:15.271Z" }
wheels = [
    { url = "https://files.pythonhosted.org/packages/f9/1c/01bfd571a64e7f270e6bab5e33777debe0edc56759233ce84f27dec92d14/tqdm-4.70.0-py3-none-any.whl", hash = "sha256:7f585706bfddbdebf89daac705b2dfcc16890130727d3197ca62c732b4310953", size = 80184, upload-time = "2026-07-27T11:33:13.167Z" },
]

[[package]]
name = "ty"
version = "0.0.65"
source = { registry = "https://pypi.org/simple" }
sdist = { url = "https://files.pythonhosted.org/packages/d6/54/cf561927e8e9ab5c1892a833b664aa9cd6f051a75f6280c66d8047246bda/ty-0.0.65.tar.gz", hash = "sha256:b7134bffcc00b715fa8291e84d845782ced810a998dc1f7f11d71c85c4046325", size = 6460098, upload-time = "2026-07-29T18:31:03.27Z" }
wheels = [
    { url = "https://files.pythonhosted.org/packages/7b/4e/71e2d325d2b53a1afad81624ad076b2ede413213fc4a18cb05b78c568571/ty-0.0.65-py3-none-linux_armv6l.whl", hash = "sha256:dc556c9f05408bef4c4ef02b2cc382e4e5f797b4b20d64410289848f0d76705f", size = 12298466, upload-time = "2026-07-29T18:30:12.744Z" },
    { url = "https://files.pythonhosted.org/packages/57/77/fec8f29647c55794efa430a7f365e44f5ce7ffb6459d9445a87fac569bec/ty-0.0.65-py3-none-macosx_10_12_x86_64.whl", hash = "sha256:29d2e0d34cc0a28a17ef0cf81135c5ebabc3562131f9079138ba5e7bae0f56bd", size = 11942421, upload-time = "2026-07-29T18:30:16.076Z" },
    { url = "https://files.pythonhosted.org/packages/13/09/7f3766aef9dc627e2698cf4e3e59cf53389dcae3812040d33c1aa931230f/ty-0.0.65-py3-none-macosx_11_0_arm64.whl", hash = "sha256:685f49a9312bbf69d5b65bbb66384fed1f927403ea030c217b9289092d7e46c4", size = 11451922, upload-time = "2026-07-29T18:30:19.155Z" },
    { url = "https://files.pythonhosted.org/packages/cb/7b/1a77cd50e0befb50f55b8bf9bd3ed3eddf184bf28c61b56727039e0774fc/ty-0.0.65-py3-none-manylinux_2_17_aarch64.manylinux2014_aarch64.whl", hash = "sha256:6f564b5ebe78e2f3a8e7b8eacb1292eb88b7c0f3c8630671cfca31abc0709cd9", size = 11994999, upload-time = "2026-07-29T18:30:22.315Z" },
    { url = "https://files.pythonhosted.org/packages/63/7b/feda16f3a4a0a99be27431e0c9598eeeec0db1eb2fec9a15976698209418/ty-0.0.65-py3-none-manylinux_2_17_armv7l.manylinux2014_armv7l.whl", hash = "sha256:c983e156fe9e113fb56389e13d327b6b8549fe866de9b269684723a88e9b732d", size = 12090662, upload-time = "2026-07-29T18:30:24.93Z" },
    { url = "https://files.pythonhosted.org/packages/ed/3e/3f69bf9c9307dbdc0771719f65ce5b556e7bdeeaccbdd599d4f57866d801/ty-0.0.65-py3-none-manylinux_2_17_i686.manylinux2014_i686.whl", hash = "sha256:e3663b7396e8b1a9954e20e732de7ccb0192bf4118473069b4945920d6923921", size = 12822094, upload-time = "2026-07-29T18:30:28.012Z" },
    { url = "https://files.pythonhosted.org/packages/90/38/8fa791b3bb503ee2b46ad81690cd1bdd54519582df6d805cee57fe143e85/ty-0.0.65-py3-none-manylinux_2_17_ppc64le.manylinux2014_ppc64le.whl", hash = "sha256:306ed01f29d6e108e98feb233dbbf5878a027603b71bd3743b343977933a9f16", size = 13357833, upload-time = "2026-07-29T18:30:31.122Z" },
    { url = "https://files.pythonhosted.org/packages/c1/73/4dda396a201e1dd0ed3594a9b48e559cb41c4bc048c6cd4c4d1b39eb4313/ty-0.0.65-py3-none-manylinux_2_17_s390x.manylinux2014_s390x.whl", hash = "sha256:28bcfc8898c94f079a9100e684bcf312b6a64ad3a7d4ebb35a4591546030a2cd", size = 12977303, upload-time = "2026-07-29T18:30:33.944Z" },
    { url = "https://files.pythonhosted.org/packages/a5/26/c250c2c569adc53a8591716641388397bcb2a442e4a30b952ae81b50c0e0/ty-0.0.65-py3-none-manylinux_2_17_x86_64.manylinux2014_x86_64.whl", hash = "sha256:5a75bd0c245c38802a8f488378e74f92feb7dd33db7d63fbdd6fdf82791ba730", size = 12579338, upload-time = "2026-07-29T18:30:37.199Z" },
    { url = "https://files.pythonhosted.org/packages/d3/94/4a5647d44753ca218fc930d7e4d9bf468d0ed4a0ad4b3d57588bc1bbacf7/ty-0.0.65-py3-none-manylinux_2_31_riscv64.whl", hash = "sha256:9e5e1bdea9662d2b5312b4e99f319f4e6e2ea427511b5fbc546141b79ec53f76", size = 12957731, upload-time = "2026-07-29T18:30:39.937Z" },
    { url = "https://files.pythonhosted.org/packages/36/b6/1e22fa11a1e0dfb20b1c7f3cbfd8170273aada2a82f9ecd3055275370c44/ty-0.0.65-py3-none-musllinux_1_2_aarch64.whl", hash = "sha256:03a88493d4842889f65280ae241e06b399d57eb3c63571054cad21a4c33b3b69", size = 11938625, upload-time = "2026-07-29T18:30:42.603Z" },
    { url = "https://files.pythonhosted.org/packages/5c/0a/fe5f22ef62b193201bc5566762e22049762cd485bfafb5095a7050760054/ty-0.0.65-py3-none-musllinux_1_2_armv7l.whl", hash = "sha256:600b8bf6f4940cf7ffb2f43d3716faaf38dcb97cd8617c55771451bc0276408f", size = 12105592, upload-time = "2026-07-29T18:30:45.419Z" },
    { url = "https://files.pythonhosted.org/packages/76/fd/922b3a6e9d697452cdbb4b7e3f636868add5ec652154518a736e4364f3b7/ty-0.0.65-py3-none-musllinux_1_2_i686.whl", hash = "sha256:0c28007bc79d648c1ddaf1e65885d07baec48eb87240da442f608e4107c1b7d8", size = 12387335, upload-time = "2026-07-29T18:30:48.405Z" },
    { url = "https://files.pythonhosted.org/packages/77/22/a1a08ebc84c083db2fb55e3b5cd186db0c067692f4921146f601360231e2/ty-0.0.65-py3-none-musllinux_1_2_x86_64.whl", hash = "sha256:c852da96091ad22361e6586b7c7ba98e1334dcd4d8ffb67e47f4fb673de33f77", size = 12682710, upload-time = "2026-07-29T18:30:51.364Z" },
    { url = "https://files.pythonhosted.org/packages/81/14/eaaa410a25bbdea19722109b5422380a0e211b3afcf3071d15953ddbd5db/ty-0.0.65-py3-none-win32.whl", hash = "sha256:cf529d538f1403b14b0511e6ec3cdb95d3d974adabf24cc76cedc533368c3edc", size = 11692341, upload-time = "2026-07-29T18:30:54.35Z" },
    { url = "https://files.pythonhosted.org/packages/bc/0f/6d48f206dce9d7e53fe3b5ea0f0ab5800dd9d2365b2b48f736783436c43f/ty-0.0.65-py3-none-win_amd64.whl", hash = "sha256:234a321e33c7cbbfbd67bfa0b01b685dd9c21f1841781a21e5ca1fa0b25f1d5d", size = 12729355, upload-time = "2026-07-29T18:30:57.275Z" },
    { url = "https://files.pythonhosted.org/packages/96/aa/7446f7725e303cf78e058c893af1f0552b9451895454908706f4c6c3494b/ty-0.0.65-py3-none-win_arm64.whl", hash = "sha256:b9424be1ec56d93ff18609fb1c0a0a2283fe1282cd6d1c7604f97d73b94d61f2", size = 12051375, upload-time = "2026-07-29T18:31:00.579Z" },
]
