version = 1
revision = 3
requires-python = ">=3.14"

[[package]]
name = "citibike-extractor"
version = "0.1.0"
source = { editable = "." }
dependencies = [
    { name = "duckdb" },
    { name = "fsspec" },
    { name = "tqdm" },
]

[package.dev-dependencies]
dev = [
    { name = "ruff" },
    { name = "ty" },
]

[package.metadata]
requires-dist = [
    { name = "duckdb", specifier = ">=1.5.5" },
    { name = "fsspec", specifier = ">=2026.7.0" },
    { name = "tqdm", specifier = ">=4.70.0" },
]

[package.metadata.requires-dev]
dev = [
    { name = "ruff", specifier = ">=0.16.0" },
    { name = "ty", specifier = ">=0.0.65" },
]

[[package]]
name = "colorama"
version = "0.4.6"
source = { registry = "https://pypi.org/simple" }
sdist = { url = "https://files.pythonhosted.org/packages/d8/53/6f443c9a4a8358a93a6792e2acffb9d9d5cb0a5cfd8802644b7b1c9a02e4/colorama-0.4.6.tar.gz", hash = "sha256:08695f5cb7ed6e0531a20572697297273c47b8cae5a63ffc6d6ed5c201be6e44", size = 27697, upload-time = "2022-10-25T02:36:22.414Z" }
wheels = [
    { url = "https://files.pythonhosted.org/packages/d1/d6/3965ed04c63042e047cb6a3e6ed1a63a35087b6a609aa3a15ed8ac56c221/colorama-0.4.6-py2.py3-none-any.whl", hash = "sha256:4f1d9991f5acc0ca119f9d443620b77f9d6b33703e51011c16baf57afb285fc6", size = 25335, upload-time = "2022-10-25T02:36:20.889Z" },
]

[[package]]
name = "duckdb"
version = "1.5.5"
source = { registry = "https://pypi.org/simple" }
sdist = { url = "https://files.pythonhosted.org/packages/7d/19/e57151753576373c6696a12022648546cca6038e8833fda2908ee2342d9b/duckdb-1.5.5.tar.gz", hash = "sha256:72f33ee57ca7595b23957671a2cc7f7fe2be0ecc2d68f63abedcfcaa3a5c1238", size = 18066741, upload-time = "2026-07-22T10:55:17.819Z" }
wheels = [
    { url = "https://files.pythonhosted.org/packages/3e/56/12c65bfa2d2605b81981b264788891bcf11ec72227889554cead5d8d13b9/duckdb-1.5.5-cp314-cp314-macosx_10_15_universal2.whl", hash = "sha256:8e6413dd40facb7b8ab21bd844450cd8f549b29e138635be9cf090ef4d2049e2", size = 32761946, upload-time = "2026-07-22T10:54:53.412Z" },
    { url = "https://files.pythonhosted.org/packages/b9/46/682ce155f17e0d2822d4f13ee3db9ca4b5b7c2da61b841b2629035e1f4bc/duckdb-1.5.5-cp314-cp314-macosx_10_15_x86_64.whl", hash = "sha256:64078acfd16541132ac6e191eb81b2845554444a0305cc1aa581ba107e514aa8", size = 17375069, upload-time = "2026-07-22T10:54:57.269Z" },
    { url = "https://files.pythonhosted.org/packages/39/ce/a24bcbd3289c8f305a430759c5fc12242740b4af3e17f7593f3a34e333d2/duckdb-1.5.5-cp314-cp314-macosx_11_0_arm64.whl", hash = "sha256:8c11775cc99a447618d5f1840126db17f2652f3eae05529df4f81f40e2df7151", size = 15519791, upload-time = "2026-07-22T10:55:00.681Z" },
    { url = "https://files.pythonhosted.org/packages/d9/76/3a01afbc615c1d418c0de58a6b68ac5ce2a8563232c0464bfbc2ce552398/duckdb-1.5.5-cp314-cp314-manylinux_2_26_aarch64.manylinux_2_28_aarch64.whl", hash = "sha256:77bbc1e6ba12e1e06f9020117bdf848627ecfdf36f907550e62e008e6109dece", size = 19398251, upload-time = "2026-07-22T10:55:04.168Z" },
    { url = "https://files.pythonhosted.org/packages/a1/43/3a5e81d1728f4d234c79bfe385808ee7c04834f7c37a4b5c257459c25614/duckdb-1.5.5-cp314-cp314-manylinux_2_26_x86_64.manylinux_2_28_x86_64.whl", hash = "sha256:fbf0f2d48b43c6c304d00463b463c27ead6c4b01c3c1816b750f728decf71afe", size = 21513851, upload-time = "2026-07-22T10:55:07.864Z" },
    { url = "https://files.pythonhosted.org/packages/91/41/fc7c829172c60ca22485251eab285f4f1a0d87b486a024c726f21471d86e/duckdb-1.5.5-cp314-cp314-win_amd64.whl", hash = "sha256:9dc826c4b50e64f6c4e4d07a3a9cb075ef70ba3899dc43ec5493dc3d7b04b353", size = 13691858, upload-time = "2026-07-22T10:55:11.181Z" },
    { url = "https://files.pythonhosted.org/packages/e1/2c/95d9216b79e9273689d7ebce125a54503ed0c9bd7da931f0265888e99779/duckdb-1.5.5-cp314-cp314-win_arm64.whl", hash = "sha256:63e48d4b74b15aeacd688976432a7225163df8c226eddeb8536bba2d4d4ff433", size = 14470180, upload-time = "2026-07-22T10:55:14.445Z" },
]

[[package]]
name = "fsspec"
version = "2026.7.0"
source = { registry = "https://pypi.org/simple" }
sdist = { url = "https://files.pythonhosted.org/packages/00/78/f34251dadb8f3921264a1d9b8946f5e542014ee2614b285261b4e40e6775/fsspec-2026.7.0.tar.gz", hash = "sha256:c803c40f4cf860b49dea58ee3e1c33cb9c790520e233537e1340049f89b82a88", size = 317040, upload-time = "2026-07-28T16:34:51.052Z" }
wheels = [
    { url = "https://files.pythonhosted.org/packages/fd/3c/6a2bf344106328fd04963664a60b9bb6496fc25df8e962fcdc1367285fb9/fsspec-2026.7.0-py3-none-any.whl", hash = "sha256:b57ddbafedfaef7018c1ecab32aa200a9d7ca26b77965f64e48b70061249d279", size = 206583, upload-time = "2026-07-28T16:34:49.538Z" },
]

[[package]]
name = "ruff"
version = "0.16.4"
source = { registry = "https://pypi.org/simple" }
sdist = { url = "https://files.pythonhosted.org/packages/00/8f/d8074b1f25e003164087a8bfe79a0f1a3945135764dbb6aaab04103dcaf9/ruff-0.16.4.tar.gz", hash = "sha256:13171aa9d9af2240ee3504e639de73122c67e74036de5ba2e1d01422cd17e3dc", size = 4899731, upload-time = "2026-08-20T17:43:59.196Z" }
wheels = [
    { url = "https://files.pythonhosted.org/packages/ff/80/779895ef584e089d22f2c6df0d0e99a65ec2df0805f1fffd439415b8c1f0/ruff-0.16.4-py3-none-linux_armv6l.whl", hash = "sha256:df4075f71ddac40b9934af60c3ec8a53047dd5a5fdc43224e6e4e8e9a27cb6f7", size = 10006909, upload-time = "2026-08-20T17:43:16.888Z" },
    { url = "https://files.pythonhosted.org/packages/a9/e6/f553199b5e8927a05cb5c422d921fd0656b29ab976e91c44802107c6b0da/ruff-0.16.4-py3-none-macosx_10_12_x86_64.whl", hash = "sha256:0c95538517af68004306b0fb3214ff2f2af67a65092aee77cd9eb86db6656604", size = 10240201, upload-time = "2026-08-20T17:43:19.337Z" },
    { url = "https://files.pythonhosted.org/packages/1c/70/4a6dc4bb34da4dee35e30f09bbd1bfbdd26f33b62fb9b8df31f08a199cd2/ruff-0.16.4-py3-none-macosx_11_0_arm64.whl", hash = "sha256:963f83df8e69e575b64d67dd447ebbc917db41a14bf38d4593a4183e7aaa8255", size = 9835122, upload-time = "2026-08-20T17:43:21.708Z" },
    { url = "https://files.pythonhosted.org/packages/24/12/c6e22d686372c15bcb7af99831f1a1be96df696491babf4f24e4f942c527/ruff-0.16.4-py3-none-manylinux_2_17_aarch64.manylinux2014_aarch64.whl", hash = "sha256:32a5057c7ff3f6e6480a48fccfb3a412a690f48a3d03ac5cf08177d6c2da3ade", size = 9977162, upload-time = "2026-08-20T17:43:24.236Z" },
    { url = "https://files.pythonhosted.org/packages/46/49/72b10ec912f5ab5854992eaf7aa7cd36729b6937d9dc4e0fb41b3bf428ec/ruff-0.16.4-py3-none-manylinux_2_17_armv7l.manylinux2014_armv7l.whl", hash = "sha256:b3dce8d9b0c57c265b91885a66a567d8ea1372e8eb4e250fa8e5e3f579e99cff", size = 9829789, upload-time = "2026-08-20T17:43:26.966Z" },
    { url = "https://files.pythonhosted.org/packages/fa/80/0f30e32e7f6ee26edc39075502db9d368d788a44a79b55f763eb4ab03796/ruff-0.16.4-py3-none-manylinux_2_17_i686.manylinux2014_i686.whl", hash = "sha256:7dc651db49283c69f8e72c834eec4fe5573e4c646856aebece0ce385dceb2a80", size = 10527949, upload-time = "2026-08-20T17:43:29.384Z" },
    { url = "https://files.pythonhosted.org/packages/52/3d/86e8ad3542169e56cac3859a343afdb9df2ad54d35a59ce1e67baee83421/ruff-0.16.4-py3-none-manylinux_2_17_ppc64le.manylinux2014_ppc64le.whl", hash = "sha256:3817b87dbcabc92f13b05019257c5b89b5b4d51b5fb20f56fb5235ceb723cd07", size = 11333695, upload-time = "2026-08-20T17:43:31.872Z" },
    { url = "https://files.pythonhosted.org/packages/d0/16/481c29b380c20a0054a8261066665e1b3488e23636c49d0a43e75975b9bb/ruff-0.16.4-py3-none-manylinux_2_17_s390x.manylinux2014_s390x.whl", hash = "sha256:e9fce1499134b2c8c68e5166f95705a5812062bb93aacc5f9873bb1a27084bc7", size = 10727741, upload-time = "2026-08-20T17:43:34.596Z" },
    { url = "https://files.pythonhosted.org/packages/5e/b6/56bc0b8cf45b54b28b3a5e6381c8945d51b5b18adf659454c32295209a31/ruff-0.16.4-py3-none-manylinux_2_17_x86_64.manylinux2014_x86_64.whl", hash = "sha256:f2d812e482f5a7e02eee26cd73d2a37ebbdf47d795ea63ba1b89110ae93e9fb3", size = 10286522, upload-time = "2026-08-20T17:43:37.288Z" },
    { url = "https://files.pythonhosted.org/packages/e8/8b/b345b4fb110f2fbe2bd31eabd271e5e8b3b7e4ee6c0e02f2dc6be78db000/ruff-0.16.4-py3-none-manylinux_2_31_riscv64.whl", hash = "sha256:6baaf984aa7976edf93d3b627fe2d1d22ee94bbca05fa6f90fc76d73924e3454", size = 10584182, upload-time = "2026-08-20T17:43:39.984Z" },
    { url = "https://files.pythonhosted.org/packages/29/e5/827b34041c35f58774a9681a4213994c164fc987800f4dddabcf451da0bf/ruff-0.16.4-py3-none-musllinux_1_2_aarch64.whl", hash = "sha256:bdfcf0b28662eb890372d50f92c283bb94e67e7635ed93c7fd533970acff7b2b", size = 10134195, upload-time = "2026-08-20T17:43:42.351Z" },
    { url = "https://files.pythonhosted.org/packages/0f/10/d0bffcdd6729b87afc82ba0ef377173356a7dc8e972f5179968cf2fdf98c/ruff-0.16.4-py3-none-musllinux_1_2_armv7l.whl", hash = "sha256:b66b02cb9b04f537643cadf5768e5f98dc461890d530cb67113d71c8c76e605d", size = 9825821, upload-time = "2026-08-20T17:43:44.532Z" },
    { url = "https://files.pythonhosted.org/packages/f5/32/0db2a863b796ca62d83e92a07a3ccf00921b14db02059347576a2fda3d4b/ruff-0.16.4-py3-none-musllinux_1_2_i686.whl", hash = "sha256:8528bf9a4b291a60bf02ea453511e8ce6215bd2b982ee80405b66b008b6c30a0", size = 10267658, upload-time = "2026-08-20T17:43:46.989Z" },
    { url = "https://files.pythonhosted.org/packages/b2/a0/fbdeb59e48c6261f523e56c8f12e9c08fbe693786595cc7e3959207a9232/ruff-0.16.4-py3-none-musllinux_1_2_x86_64.whl", hash = "sha256:fbd85d2875fdd67e833213a651f613bbf25303abf6aa822a5121f4531195678d", size = 10697071, upload-time = "2026-08-20T17:43:49.891Z" },
    { url = "https://files.pythonhosted.org/packages/aa/28/0c6dd865859c6d17bc8ccc34cb72b0e02d6c7eb25e8a1e22b5bea681e2c0/ruff-0.16.4-py3-none-win32.whl", hash = "sha256:312769988007aaeb8e189b443ccdd03c0e6374489e053467be6d96518ebff76e", size = 10021687, upload-time = "2026-08-20T17:43:52.281Z" },
    { url = "https://files.pythonhosted.org/packages/a3/03/e724450f621698117f9aa6dd241c94d0274ae96781378dc86745ae29f0e7/ruff-0.16.4-py3-none-win_amd64.whl", hash = "sha256:05d9d27a18c4bcbefada602480ec9e01e0bc949d432e0ced5df77edac195919c", size = 10567657, upload-time = "2026-08-20T17:43:54.78Z" },
    { url = "https://files.pythonhosted.org/packages/0e/fe/da8b9e1347696bb22120b77280ec5ce25d500ca5cb39d5ad6e5c18de19c1/ruff-0.16.4-py3-none-win_arm64.whl", hash = "sha256:a3a61621c9b6f6a89573e938a080e648f1695baa3f58570a3a707bc51ff65a21", size = 10451579, upload-time = "2026-08-20T17:43:57.135Z" },
]

[[package]]
name = "tqdm"
version = "4.70.0"
source = { registry = "https://pypi.org/simple" }
dependencies = [
    { name = "colorama", marker = "sys_platform == 'win32'" },
]
sdist = { url = "https://files.pythonhosted.org/packages/21/3b/6c24bec5be5e743ffd99576daa5cc077722fc7d5bbc00bd133fa0c698dc6/tqdm-4.70.0.tar.gz", hash = "sha256:55b0b0dbd97462d06ebee91e4dac24ed4d4702be82b24f07e6c1d27e08cea220", size = 795438, upload-time = "2026-07-27T11:33:15.271Z" }
wheels = [
    { url = "https://files.pythonhosted.org/packages/f9/1c/01bfd571a64e7f270e6bab5e33777debe0edc56759233ce84f27dec92d14/tqdm-4.70.0-py3-none-any.whl", hash = "sha256:7f585706bfddbdebf89daac705b2dfcc16890130727d3197ca62c732b4310953", size = 80184, upload-time = "2026-07-27T11:33:13.167Z" },
]

[[package]]
name = "ty"
version = "0.0.75"
source = { registry = "https://pypi.org/simple" }
sdist = { url = "https://files.pythonhosted.org/packages/81/d0/d0c96f898d6974a4a3569ab3efdf9512c04ad99f9203effb55f72497fe97/ty-0.0.75.tar.gz", hash = "sha256:4c5eead33dfbf6e2ebb4f400f74b51ffc9bab702a6f23ddb648a1cbb740387e3", size = 6868326, upload-time = "2026-08-26T20:23:40.399Z" }
wheels = [
    { url = "https://files.pythonhosted.org/packages/cb/6c/b12d03505f17581f0cfa3c12273fe34c1d67b36dfda1bc561a6bdc16512b/ty-0.0.75-py3-none-linux_armv6l.whl", hash = "sha256:e5409f50db2246fd4bd039d93d261e0cfa1daa554a4fb77256f91072c570349a", size = 12972606, upload-time = "2026-08-26T20:22:59.716Z" },
    { url = "https://files.pythonhosted.org/packages/d1/aa/30f11eecd9215a9f87e8fe8baaf48f3ce905f5d75b8e4aac70f0091f130c/ty-0.0.75-py3-none-macosx_10_12_x86_64.whl", hash = "sha256:5e7b8b3472fb9bb2eeab314984b265df08a7a9d518867a9e6020eebc06570be2", size = 12527158, upload-time = "2026-08-26T20:23:02.767Z" },
    { url = "https://files.pythonhosted.org/packages/f2/11/7fd7001b0b5c6610bfbad7357e47d5fe6f82d4e84e94c53776a478f5e9f8/ty-0.0.75-py3-none-macosx_11_0_arm64.whl", hash = "sha256:c6ccf34169821fe0d23e3360deeef981d217963412f1d087b9bdd32ec57f7a57", size = 12400533, upload-time = "2026-08-26T20:23:04.965Z" },
    { url = "https://files.pythonhosted.org/packages/fd/7f/1e284ea3d348d7be02f12d83bc22ed9ef193033f863f05b64db99027f141/ty-0.0.75-py3-none-manylinux_2_17_aarch64.manylinux2014_aarch64.whl", hash = "sha256:842ebb41e9c6c334b40768704e20b1a69d5c6b08805b289d5e0e2565f49f2de1", size = 12420592, upload-time = "2026-08-26T20:23:07.427Z" },
    { url = "https://files.pythonhosted.org/packages/2d/ab/d813271543370c47fd74b5118f2066ab32b0983e907b1821f3f9a6d0fa7f/ty-0.0.75-py3-none-manylinux_2_17_armv7l.manylinux2014_armv7l.whl", hash = "sha256:cf7a5a723c5f1e0fab4ffbfe9bd95123a526ed48f206e5f25cb2161ca294007a", size = 12739219, upload-time = "2026-08-26T20:23:09.809Z" },
    { url = "https://files.pythonhosted.org/packages/31/5b/95b49cc5570fd92a7bf63732f649b31906158721e03c7fcb1b5be74ee3bf/ty-0.0.75-py3-none-manylinux_2_17_i686.manylinux2014_i686.whl", hash = "sha256:54382f98e5da292fcd7104391afef5105c35bb2f312e29bea6f5fa419935255c", size = 13494046, upload-time = "2026-08-26T20:23:12.191Z" },
    { url = "https://files.pythonhosted.org/packages/2c/0d/502d2dd68173cf020e1ad2bdbab9544c86776de0b0e2ed15f8c2fe006e3d/ty-0.0.75-py3-none-manylinux_2_17_ppc64le.manylinux2014_ppc64le.whl", hash = "sha256:ac13b180dc2aade2cd243f56b01650e78bf091a2e522ad3bc947245d7837c613", size = 13938899, upload-time = "2026-08-26T20:23:14.764Z" },
    { url = "https://files.pythonhosted.org/packages/20/5b/f3b12a25c07224456219fc2bd20db0ad7e40b304be0ff6aad728da0135f9/ty-0.0.75-py3-none-manylinux_2_17_s390x.manylinux2014_s390x.whl", hash = "sha256:752df7951a443219d7f1ff817e3723c85d428565ff449e08a7a93ba821661526", size = 13656711, upload-time = "2026-08-26T20:23:17.145Z" },
    { url = "https://files.pythonhosted.org/packages/51/7b/f090ad306e2b15a07b332d647138c5264b89d9758855ecce8b8a10bcb153/ty-0.0.75-py3-none-manylinux_2_17_x86_64.manylinux2014_x86_64.whl", hash = "sha256:1fd399feedf7cee816563c1baec45fc1c0b3c89f1ea42364920b688004b5b7da", size = 13093499, upload-time = "2026-08-26T20:23:19.489Z" },
    { url = "https://files.pythonhosted.org/packages/f1/4b/f69b99aaaca0c7c65d5f114b186b26b21666f767b0c69eec99a2bdccc061/ty-0.0.75-py3-none-manylinux_2_31_riscv64.whl", hash = "sha256:d7625f6f56c7dc1e873579fdc9e432a0e21e302afe847ab60704d2303442a92e", size = 13520580, upload-time = "2026-08-26T20:23:21.789Z" },
    { url = "https://files.pythonhosted.org/packages/b6/e7/692c5f905c0345a15d2255fc74066d660f030254ae8dcdaf33f5a5c2f279/ty-0.0.75-py3-none-musllinux_1_2_aarch64.whl", hash = "sha256:89e7d527e95a2534b70cae29e94c104b84082760ea05927d23bb87280969c104", size = 12524095, upload-time = "2026-08-26T20:23:24.026Z" },
    { url = "https://files.pythonhosted.org/packages/ba/9a/f42b12cf265ea95344bf554764c4791cfb273bdd628aadd7c209af7cadc3/ty-0.0.75-py3-none-musllinux_1_2_armv7l.whl", hash = "sha256:0843f134440740706e01bee5f88f4cfc10e9b018bddb9e4ef4c12dc9fc0c9aef", size = 12756591, upload-time = "2026-08-26T20:23:26.126Z" },
    { url = "https://files.pythonhosted.org/packages/7c/5e/9b180c133cb9cce48179a7d2bf9e1802d992aa8176a918e0e05205760b42/ty-0.0.75-py3-none-musllinux_1_2_i686.whl", hash = "sha256:1bd0ec0e50ee1376875c88891efe6f549c3560fa5b2ddad79a425cd5a6218b9c", size = 12998754, upload-time = "2026-08-26T20:23:28.353Z" },
    { url = "https://files.pythonhosted.org/packages/39/f6/3c6ef5dd550103e29905121c67fb96a374564f31a2f44c6faa1af98c2d61/ty-0.0.75-py3-none-musllinux_1_2_x86_64.whl", hash = "sha256:1f9eafd561f90110d5e29f589ec3e956c4686e2f6631348d99276436f5cbe4d1", size = 13316474, upload-time = "2026-08-26T20:23:30.857Z" },
    { url = "https://files.pythonhosted.org/packages/bb/52/12776337874c821076bd5368e352ccd9e67174790abe3b856f749cb3524b/ty-0.0.75-py3-none-win32.whl", hash = "sha256:05063a6fafe2154b794a7f964515d148e51acd186d72d4a3acd347ee9fa19336", size = 12316315, upload-time = "2026-08-26T20:23:33.528Z" },
    { url = "https://files.pythonhosted.org/packages/53/e6/bb51e16af5c7138c9f52f8f3d0a401a371c6798d092e3b74926f186a9814/ty-0.0.75-py3-none-win_amd64.whl", hash = "sha256:81cf1ba5f6b7536ad56747865214255d9bc8e80533a689dbb9ddeaad464b09f1", size = 12917267, upload-time = "2026-08-26T20:23:35.978Z" },
    { url = "https://files.pythonhosted.org/packages/39/73/4542f829107468b5de4231af67f29927c093bfad11f3c1e5b2c08fb1206b/ty-0.0.75-py3-none-win_arm64.whl", hash = "sha256:541c9af5b7a0ad23d15ec315a7da81150833c359f48124ed3789ff25eacd6f42", size = 12711024, upload-time = "2026-08-26T20:23:38.159Z" },
]
